{
  "name": "@candao/agentic-mandates",
  "version": "0.1.0-draft.0",
  "lockfileVersion": 3,
  "requires": true,
  "packages": {
    "": {
      "name": "@candao/agentic-mandates",
      "version": "0.1.0-draft.0",
      "license": "Apache-2.0",
      "engines": {
        "node": ">=20"
      }
    }
  }
}
